
Microsoft Visual Studio Solution File, Format Version 12.00
# Visual Studio Version 17
VisualStudioVersion = 17.4.33213.308
MinimumVisualStudioVersion = 10.0.40219.1
Project("{FAE04EC0-301F-11D3-BF4B-00C04F79EFBC}") = "BookStorage", "BookStorage\BookStorage.csproj", "{4FC2BBA3-2D27-43BE-97BF-2054E2E6EFAE}"
EndProject
Global
	GlobalSection(SolutionConfigurationPlatforms) = preSolution
		Debug|Any CPU = Debug|Any CPU
		Release|Any CPU = Release|Any CPU
	EndGlobalSection
	GlobalSection(ProjectConfigurationPlatforms) = postSolution
		{4FC2BBA3-2D27-43BE-97BF-2054E2E6EFAE}.Debug|Any CPU.ActiveCfg = Debug|Any CPU
		{4FC2BBA3-2D27-43BE-97BF-2054E2E6EFAE}.Debug|Any CPU.Build.0 = Debug|Any CPU
		{4FC2BBA3-2D27-43BE-97BF-2054E2E6EFAE}.Release|Any CPU.ActiveCfg = Release|Any CPU
		{4FC2BBA3-2D27-43BE-97BF-2054E2E6EFAE}.Release|Any CPU.Build.0 = Release|Any CPU
	EndGlobalSection
	GlobalSection(SolutionProperties) = preSolution
		HideSolutionNode = FALSE
	EndGlobalSection
	GlobalSection(ExtensibilityGlobals) = postSolution
		SolutionGuid = {449DEA8E-DAD6-41E5-BD82-2C6CA6ED83E1}
	EndGlobalSection
EndGlobal
